// !$*UTF8*$!
{
	archiveVersion = 1;
	classes = {
	};
	objectVersion = 46;
	objects = {

/* Begin PBXBuildFile section */
		95A4EA2119541F79009D956C /* Foundation.framework in Frameworks */ = {isa = PBXBuildFile; fileRef = 95A4EA2019541F79009D956C /* Foundation.framework */; };
		95A4EA2319541F79009D956C /* CoreGraphics.framework in Frameworks */ = {isa = PBXBuildFile; fileRef = 95A4EA2219541F79009D956C /* CoreGraphics.framework */; };
		95A4EA2519541F79009D956C /* UIKit.framework in Frameworks */ = {isa = PBXBuildFile; fileRef = 95A4EA2419541F79009D956C /* UIKit.framework */; };
		95A4EA2719541F79009D956C /* CoreData.framework in Frameworks */ = {isa = PBXBuildFile; fileRef = 95A4EA2619541F79009D956C /* CoreData.framework */; };
		95A4EA2D19541F79009D956C /* InfoPlist.strings in Resources */ = {isa = PBXBuildFile; fileRef = 95A4EA2B19541F79009D956C /* InfoPlist.strings */; };
		95A4EA2F19541F79009D956C /* main.m in Sources */ = {isa = PBXBuildFile; fileRef = 95A4EA2E19541F79009D956C /* main.m */; };
		95A4EA3319541F79009D956C /* GOAppDelegate.m in Sources */ = {isa = PBXBuildFile; fileRef = 95A4EA3219541F79009D956C /* GOAppDelegate.m */; };
		95A4EA3619541F79009D956C /* GoOut.xcdatamodeld in Sources */ = {isa = PBXBuildFile; fileRef = 95A4EA3419541F79009D956C /* GoOut.xcdatamodeld */; };
		95A4EA3819541F79009D956C /* Images.xcassets in Resources */ = {isa = PBXBuildFile; fileRef = 95A4EA3719541F79009D956C /* Images.xcassets */; };
		95A4EA3F19541F79009D956C /* XCTest.framework in Frameworks */ = {isa = PBXBuildFile; fileRef = 95A4EA3E19541F79009D956C /* XCTest.framework */; };
		95A4EA4019541F79009D956C /* Foundation.framework in Frameworks */ = {isa = PBXBuildFile; fileRef = 95A4EA2019541F79009D956C /* Foundation.framework */; };
		95A4EA4119541F79009D956C /* UIKit.framework in Frameworks */ = {isa = PBXBuildFile; fileRef = 95A4EA2419541F79009D956C /* UIKit.framework */; };
		95A4EA4219541F79009D956C /* CoreData.framework in Frameworks */ = {isa = PBXBuildFile; fileRef = 95A4EA2619541F79009D956C /* CoreData.framework */; };
		95A4EA4A19541F79009D956C /* InfoPlist.strings in Resources */ = {isa = PBXBuildFile; fileRef = 95A4EA4819541F79009D956C /* InfoPlist.strings */; };
		95A4EA4C19541F79009D956C /* GoOutTests.m in Sources */ = {isa = PBXBuildFile; fileRef = 95A4EA4B19541F79009D956C /* GoOutTests.m */; };
/* End PBXBuildFile section */

/* Begin PBXContainerItemProxy section */
		95A4EA4319541F79009D956C /* PBXContainerItemProxy */ = {
			isa = PBXContainerItemProxy;
			containerPortal = 95A4EA1519541F79009D956C /* Project object */;
			proxyType = 1;
			remoteGlobalIDString = 95A4EA1C19541F79009D956C;
			remoteInfo = GoOut;
		};
/* End PBXContainerItemProxy section */

/* Begin PBXFileReference section */
		95A4EA1D19541F79009D956C /* GoOut.app */ = {isa = PBXFileReference; explicitFileType = wrapper.application; includeInIndex = 0; path = GoOut.app; sourceTree = BUILT_PRODUCTS_DIR; };
		95A4EA2019541F79009D956C /* Foundation.framework */ = {isa = PBXFileReference; lastKnownFileType = wrapper.framework; name = Foundation.framework; path = System/Library/Frameworks/Foundation.framework; sourceTree = SDKROOT; };
		95A4EA2219541F79009D956C /* CoreGraphics.framework */ = {isa = PBXFileReference; lastKnownFileType = wrapper.framework; name = CoreGraphics.framework; path = System/Library/Frameworks/CoreGraphics.framework; sourceTree = SDKROOT; };
		95A4EA2419541F79009D956C /* UIKit.framework */ = {isa = PBXFileReference; lastKnownFileType = wrapper.framework; name = UIKit.framework; path = System/Library/Frameworks/UIKit.framework; sourceTree = SDKROOT; };
		95A4EA2619541F79009D956C /* CoreData.framework */ = {isa = PBXFileReference; lastKnownFileType = wrapper.framework; name = CoreData.framework; path = System/Library/Frameworks/CoreData.framework; sourceTree = SDKROOT; };
		95A4EA2A19541F79009D956C /* GoOut-Info.plist */ = {isa = PBXFileReference; lastKnownFileType = text.plist.xml; path = "GoOut-Info.plist"; sourceTree = "<group>"; };
		95A4EA2C19541F79009D956C /* en */ = {isa = PBXFileReference; lastKnownFileType = text.plist.strings; name = en; path = en.lproj/InfoPlist.strings; sourceTree = "<group>"; };
		95A4EA2E19541F79009D956C /* main.m */ = {isa = PBXFileReference; lastKnownFileType = sourcecode.c.objc; path = main.m; sourceTree = "<group>"; };
		95A4EA3019541F79009D956C /* GoOut-Prefix.pch */ = {isa = PBXFileReference; lastKnownFileType = sourcecode.c.h; path = "GoOut-Prefix.pch"; sourceTree = "<group>"; };
		95A4EA3119541F79009D956C /* GOAppDelegate.h */ = {isa = PBXFileReference; lastKnownFileType = sourcecode.c.h; path = GOAppDelegate.h; sourceTree = "<group>"; };
		95A4EA3219541F79009D956C /* GOAppDelegate.m */ = {isa = PBXFileReference; lastKnownFileType = sourcecode.c.objc; path = GOAppDelegate.m; sourceTree = "<group>"; };
		95A4EA3519541F79009D956C /* GoOut.xcdatamodel */ = {isa = PBXFileReference; lastKnownFileType = wrapper.xcdatamodel; path = GoOut.xcdatamodel; sourceTree = "<group>"; };
		95A4EA3719541F79009D956C /* Images.xcassets */ = {isa = PBXFileReference; lastKnownFileType = folder.assetcatalog; path = Images.xcassets; sourceTree = "<group>"; };
		95A4EA3D19541F79009D956C /* GoOutTests.xctest */ = {isa = PBXFileReference; explicitFileType = wrapper.cfbundle; includeInIndex = 0; path = GoOutTests.xctest; sourceTree = BUILT_PRODUCTS_DIR; };
		95A4EA3E19541F79009D956C /* XCTest.framework */ = {isa = PBXFileReference; lastKnownFileType = wrapper.framework; name = XCTest.framework; path = Library/Frameworks/XCTest.framework; sourceTree = DEVELOPER_DIR; };
		95A4EA4719541F79009D956C /* GoOutTests-Info.plist */ = {isa = PBXFileReference; lastKnownFileType = text.plist.xml; path = "GoOutTests-Info.plist"; sourceTree = "<group>"; };
		95A4EA4919541F79009D956C /* en */ = {isa = PBXFileReference; lastKnownFileType = text.plist.strings; name = en; path = en.lproj/InfoPlist.strings; sourceTree = "<group>"; };
		95A4EA4B19541F79009D956C /* GoOutTests.m */ = {isa = PBXFileReference; lastKnownFileType = sourcecode.c.objc; path = GoOutTests.m; sourceTree = "<group>"; };
/* End PBXFileReference section */

/* Begin PBXFrameworksBuildPhase section */
		95A4EA1A19541F79009D956C /* Frameworks */ = {
			isa = PBXFrameworksBuildPhase;
			buildActionMask = 2147483647;
			files = (
				95A4EA2319541F79009D956C /* CoreGraphics.framework in Frameworks */,
				95A4EA2719541F79009D956C /* CoreData.framework in Frameworks */,
				95A4EA2519541F79009D956C /* UIKit.framework in Frameworks */,
				95A4EA2119541F79009D956C /* Foundation.framework in Frameworks */,
			);
			runOnlyForDeploymentPostprocessing = 0;
		};
		95A4EA3A19541F79009D956C /* Frameworks */ = {
			isa = PBXFrameworksBuildPhase;
			buildActionMask = 2147483647;
			files = (
				95A4EA3F19541F79009D956C /* XCTest.framework in Frameworks */,
				95A4EA4219541F79009D956C /* CoreData.framework in Frameworks */,
				95A4EA4119541F79009D956C /* UIKit.framework in Frameworks */,
				95A4EA4019541F79009D956C /* Foundation.framework in Frameworks */,
			);
			runOnlyForDeploymentPostprocessing = 0;
		};
/* End PBXFrameworksBuildPhase section */

/* Begin PBXGroup section */
		95A4EA1419541F79009D956C = {
			isa = PBXGroup;
			children = (
				95A4EA2819541F79009D956C /* GoOut */,
				95A4EA4519541F79009D956C /* GoOutTests */,
				95A4EA1F19541F79009D956C /* Frameworks */,
				95A4EA1E19541F79009D956C /* Products */,
			);
			sourceTree = "<group>";
		};
		95A4EA1E19541F79009D956C /* Products */ = {
			isa = PBXGroup;
			children = (
				95A4EA1D19541F79009D956C /* GoOut.app */,
				95A4EA3D19541F79009D956C /* GoOutTests.xctest */,
			);
			name = Products;
			sourceTree = "<group>";
		};
		95A4EA1F19541F79009D956C /* Frameworks */ = {
			isa = PBXGroup;
			children = (
				95A4EA2019541F79009D956C /* Foundation.framework */,
				95A4EA2219541F79009D956C /* CoreGraphics.framework */,
				95A4EA2419541F79009D956C /* UIKit.framework */,
				95A4EA2619541F79009D956C /* CoreData.framework */,
				95A4EA3E19541F79009D956C /* XCTest.framework */,
			);
			name = Frameworks;
			sourceTree = "<group>";
		};
		95A4EA2819541F79009D956C /* GoOut */ = {
			isa = PBXGroup;
			children = (
				95A4EA3119541F79009D956C /* GOAppDelegate.h */,
				95A4EA3219541F79009D956C /* GOAppDelegate.m */,
				95A4EA3719541F79009D956C /* Images.xcassets */,
				95A4EA3419541F79009D956C /* GoOut.xcdatamodeld */,
				95A4EA2919541F79009D956C /* Supporting Files */,
			);
			path = GoOut;
			sourceTree = "<group>";
		};
		95A4EA2919541F79009D956C /* Supporting Files */ = {
			isa = PBXGroup;
			children = (
				95A4EA2A19541F79009D956C /* GoOut-Info.plist */,
				95A4EA2B19541F79009D956C /* InfoPlist.strings */,
				95A4EA2E19541F79009D956C /* main.m */,
				95A4EA3019541F79009D956C /* GoOut-Prefix.pch */,
			);
			name = "Supporting Files";
			sourceTree = "<group>";
		};
		95A4EA4519541F79009D956C /* GoOutTests */ = {
			isa = PBXGroup;
			children = (
				95A4EA4B19541F79009D956C /* GoOutTests.m */,
				95A4EA4619541F79009D956C /* Supporting Files */,
			);
			path = GoOutTests;
			sourceTree = "<group>";
		};
		95A4EA4619541F79009D956C /* Supporting Files */ = {
			isa = PBXGroup;
			children = (
				95A4EA4719541F79009D956C /* GoOutTests-Info.plist */,
				95A4EA4819541F79009D956C /* InfoPlist.strings */,
			);
			name = "Supporting Files";
			sourceTree = "<group>";
		};
/* End PBXGroup section */

/* Begin PBXNativeTarget section */
		95A4EA1C19541F79009D956C /* GoOut */ = {
			isa = PBXNativeTarget;
			buildConfigurationList = 95A4EA4F19541F79009D956C /* Build configuration list for PBXNativeTarget "GoOut" */;
			buildPhases = (
				95A4EA1919541F79009D956C /* Sources */,
				95A4EA1A19541F79009D956C /* Frameworks */,
				95A4EA1B19541F79009D956C /* Resources */,
			);
			buildRules = (
			);
			dependencies = (
			);
			name = GoOut;
			productName = GoOut;
			productReference = 95A4EA1D19541F79009D956C /* GoOut.app */;
			productType = "com.apple.product-type.application";
		};
		95A4EA3C19541F79009D956C /* GoOutTests */ = {
			isa = PBXNativeTarget;
			buildConfigurationList = 95A4EA5219541F79009D956C /* Build configuration list for PBXNativeTarget "GoOutTests" */;
			buildPhases = (
				95A4EA3919541F79009D956C /* Sources */,
				95A4EA3A19541F79009D956C /* Frameworks */,
				95A4EA3B19541F79009D956C /* Resources */,
			);
			buildRules = (
			);
			dependencies = (
				95A4EA4419541F79009D956C /* PBXTargetDependency */,
			);
			name = GoOutTests;
			productName = GoOutTests;
			productReference = 95A4EA3D19541F79009D956C /* GoOutTests.xctest */;
			productType = "com.apple.product-type.bundle.unit-test";
		};
/* End PBXNativeTarget section */

/* Begin PBXProject section */
		95A4EA1519541F79009D956C /* Project object */ = {
			isa = PBXProject;
			attributes = {
				CLASSPREFIX = GO;
				LastUpgradeCheck = 0510;
				ORGANIZATIONNAME = bst;
				TargetAttributes = {
					95A4EA3C19541F79009D956C = {
						TestTargetID = 95A4EA1C19541F79009D956C;
					};
				};
			};
			buildConfigurationList = 95A4EA1819541F79009D956C /* Build configuration list for PBXProject "GoOut" */;
			compatibilityVersion = "Xcode 3.2";
			developmentRegion = English;
			hasScannedForEncodings = 0;
			knownRegions = (
				en,
			);
			mainGroup = 95A4EA1419541F79009D956C;
			productRefGroup = 95A4EA1E19541F79009D956C /* Products */;
			projectDirPath = "";
			projectRoot = "";
			targets = (
				95A4EA1C19541F79009D956C /* GoOut */,
				95A4EA3C19541F79009D956C /* GoOutTests */,
			);
		};
/* End PBXProject section */

/* Begin PBXResourcesBuildPhase section */
		95A4EA1B19541F79009D956C /* Resources */ = {
			isa = PBXResourcesBuildPhase;
			buildActionMask = 2147483647;
			files = (
				95A4EA2D19541F79009D956C /* InfoPlist.strings in Resources */,
				95A4EA3819541F79009D956C /* Images.xcassets in Resources */,
			);
			runOnlyForDeploymentPostprocessing = 0;
		};
		95A4EA3B19541F79009D956C /* Resources */ = {
			isa = PBXResourcesBuildPhase;
			buildActionMask = 2147483647;
			files = (
				95A4EA4A19541F79009D956C /* InfoPlist.strings in Resources */,
			);
			runOnlyForDeploymentPostprocessing = 0;
		};
/* End PBXResourcesBuildPhase section */

/* Begin PBXSourcesBuildPhase section */
		95A4EA1919541F79009D956C /* Sources */ = {
			isa = PBXSourcesBuildPhase;
			buildActionMask = 2147483647;
			files = (
				95A4EA3619541F79009D956C /* GoOut.xcdatamodeld in Sources */,
				95A4EA3319541F79009D956C /* GOAppDelegate.m in Sources */,
				95A4EA2F19541F79009D956C /* main.m in Sources */,
			);
			runOnlyForDeploymentPostprocessing = 0;
		};
		95A4EA3919541F79009D956C /* Sources */ = {
			isa = PBXSourcesBuildPhase;
			buildActionMask = 2147483647;
			files = (
				95A4EA4C19541F79009D956C /* GoOutTests.m in Sources */,
			);
			runOnlyForDeploymentPostprocessing = 0;
		};
/* End PBXSourcesBuildPhase section */

/* Begin PBXTargetDependency section */
		95A4EA4419541F79009D956C /* PBXTargetDependency */ = {
			isa = PBXTargetDependency;
			target = 95A4EA1C19541F79009D956C /* GoOut */;
			targetProxy = 95A4EA4319541F79009D956C /* PBXContainerItemProxy */;
		};
/* End PBXTargetDependency section */

/* Begin PBXVariantGroup section */
		95A4EA2B19541F79009D956C /* InfoPlist.strings */ = {
			isa = PBXVariantGroup;
			children = (
				95A4EA2C19541F79009D956C /* en */,
			);
			name = InfoPlist.strings;
			sourceTree = "<group>";
		};
		95A4EA4819541F79009D956C /* InfoPlist.strings */ = {
			isa = PBXVariantGroup;
			children = (
				95A4EA4919541F79009D956C /* en */,
			);
			name = InfoPlist.strings;
			sourceTree = "<group>";
		};
/* End PBXVariantGroup section */

/* Begin XCBuildConfiguration section */
		95A4EA4D19541F79009D956C /* Debug */ = {
			isa = XCBuildConfiguration;
			buildSettings = {
				ALWAYS_SEARCH_USER_PATHS = NO;
				CLANG_CXX_LANGUAGE_STANDARD = "gnu++0x";
				CLANG_CXX_LIBRARY = "libc++";
				CLANG_ENABLE_MODULES = YES;
				CLANG_ENABLE_OBJC_ARC = YES;
				CLANG_WARN_BOOL_CONVERSION = YES;
				CLANG_WARN_CONSTANT_CONVERSION = YES;
				CLANG_WARN_DIRECT_OBJC_ISA_USAGE = YES_ERROR;
				CLANG_WARN_EMPTY_BODY = YES;
				CLANG_WARN_ENUM_CONVERSION = YES;
				CLANG_WARN_INT_CONVERSION = YES;
				CLANG_WARN_OBJC_ROOT_CLASS = YES_ERROR;
				CLANG_WARN__DUPLICATE_METHOD_MATCH = YES;
				"CODE_SIGN_IDENTITY[sdk=iphoneos*]" = "iPhone Developer";
				COPY_PHASE_STRIP = NO;
				GCC_C_LANGUAGE_STANDARD = gnu99;
				GCC_DYNAMIC_NO_PIC = NO;
				GCC_OPTIMIZATION_LEVEL = 0;
				GCC_PREPROCESSOR_DEFINITIONS = (
					"DEBUG=1",
					"$(inherited)",
				);
				GCC_SYMBOLS_PRIVATE_EXTERN = NO;
				GCC_WARN_64_TO_32_BIT_CONVERSION = YES;
				GCC_WARN_ABOUT_RETURN_TYPE = YES_ERROR;
				GCC_WARN_UNDECLARED_SELECTOR = YES;
				GCC_WARN_UNINITIALIZED_AUTOS = YES_AGGRESSIVE;
				GCC_WARN_UNUSED_FUNCTION = YES;
				GCC_WARN_UNUSED_VARIABLE = YES;
				IPHONEOS_DEPLOYMENT_TARGET = 7.1;
				ONLY_ACTIVE_ARCH = YES;
				SDKROOT = iphoneos;
			};
			name = Debug;
		};
		95A4EA4E19541F79009D956C /* Release */ = {
			isa = XCBuildConfiguration;
			buildSettings = {
				ALWAYS_SEARCH_USER_PATHS = NO;
				CLANG_CXX_LANGUAGE_STANDARD = "gnu++0x";
				CLANG_CXX_LIBRARY = "libc++";
				CLANG_ENABLE_MODULES = YES;
				CLANG_ENABLE_OBJC_ARC = YES;
				CLANG_WARN_BOOL_CONVERSION = YES;
				CLANG_WARN_CONSTANT_CONVERSION = YES;
				CLANG_WARN_DIRECT_OBJC_ISA_USAGE = YES_ERROR;
				CLANG_WARN_EMPTY_BODY = YES;
				CLANG_WARN_ENUM_CONVERSION = YES;
				CLANG_WARN_INT_CONVERSION = YES;
				CLANG_WARN_OBJC_ROOT_CLASS = YES_ERROR;
				CLANG_WARN__DUPLICATE_METHOD_MATCH = YES;
				"CODE_SIGN_IDENTITY[sdk=iphoneos*]" = "iPhone Developer";
				COPY_PHASE_STRIP = YES;
				ENABLE_NS_ASSERTIONS = NO;
				GCC_C_LANGUAGE_STANDARD = gnu99;
				GCC_WARN_64_TO_32_BIT_CONVERSION = YES;
				GCC_WARN_ABOUT_RETURN_TYPE = YES_ERROR;
				GCC_WARN_UNDECLARED_SELECTOR = YES;
				GCC_WARN_UNINITIALIZED_AUTOS = YES_AGGRESSIVE;
				GCC_WARN_UNUSED_FUNCTION = YES;
				GCC_WARN_UNUSED_VARIABLE = YES;
				IPHONEOS_DEPLOYMENT_TARGET = 7.1;
				SDKROOT = iphoneos;
				VALIDATE_PRODUCT = YES;
			};
			name = Release;
		};
		95A4EA5019541F79009D956C /* Debug */ = {
			isa = XCBuildConfiguration;
			buildSettings = {
				ASSETCATALOG_COMPILER_APPICON_NAME = AppIcon;
				ASSETCATALOG_COMPILER_LAUNCHIMAGE_NAME = LaunchImage;
				GCC_PRECOMPILE_PREFIX_HEADER = YES;
				GCC_PREFIX_HEADER = "GoOut/GoOut-Prefix.pch";
				INFOPLIST_FILE = "GoOut/GoOut-Info.plist";
				PRODUCT_NAME = "$(TARGET_NAME)";
				WRAPPER_EXTENSION = app;
			};
			name = Debug;
		};
		95A4EA5119541F79009D956C /* Release */ = {
			isa = XCBuildConfiguration;
			buildSettings = {
				ASSETCATALOG_COMPILER_APPICON_NAME = AppIcon;
				ASSETCATALOG_COMPILER_LAUNCHIMAGE_NAME = LaunchImage;
				GCC_PRECOMPILE_PREFIX_HEADER = YES;
				GCC_PREFIX_HEADER = "GoOut/GoOut-Prefix.pch";
				INFOPLIST_FILE = "GoOut/GoOut-Info.plist";
				PRODUCT_NAME = "$(TARGET_NAME)";
				WRAPPER_EXTENSION = app;
			};
			name = Release;
		};
		95A4EA5319541F79009D956C /* Debug */ = {
			isa = XCBuildConfiguration;
			buildSettings = {
				BUNDLE_LOADER = "$(BUILT_PRODUCTS_DIR)/GoOut.app/GoOut";
				FRAMEWORK_SEARCH_PATHS = (
					"$(SDKROOT)/Developer/Library/Frameworks",
					"$(inherited)",
					"$(DEVELOPER_FRAMEWORKS_DIR)",
				);
				GCC_PRECOMPILE_PREFIX_HEADER = YES;
				GCC_PREFIX_HEADER = "GoOut/GoOut-Prefix.pch";
				GCC_PREPROCESSOR_DEFINITIONS = (
					"DEBUG=1",
					"$(inherited)",
				);
				INFOPLIST_FILE = "GoOutTests/GoOutTests-Info.plist";
				PRODUCT_NAME = "$(TARGET_NAME)";
				TEST_HOST = "$(BUNDLE_LOADER)";
				WRAPPER_EXTENSION = xctest;
			};
			name = Debug;
		};
		95A4EA5419541F79009D956C /* Release */ = {
			isa = XCBuildConfiguration;
			buildSettings = {
				BUNDLE_LOADER = "$(BUILT_PRODUCTS_DIR)/GoOut.app/GoOut";
				FRAMEWORK_SEARCH_PATHS = (
					"$(SDKROOT)/Developer/Library/Frameworks",
					"$(inherited)",
					"$(DEVELOPER_FRAMEWORKS_DIR)",
				);
				GCC_PRECOMPILE_PREFIX_HEADER = YES;
				GCC_PREFIX_HEADER = "GoOut/GoOut-Prefix.pch";
				INFOPLIST_FILE = "GoOutTests/GoOutTests-Info.plist";
				PRODUCT_NAME = "$(TARGET_NAME)";
				TEST_HOST = "$(BUNDLE_LOADER)";
				WRAPPER_EXTENSION = xctest;
			};
			name = Release;
		};
/* End XCBuildConfiguration section */

/* Begin XCConfigurationList section */
		95A4EA1819541F79009D956C /* Build configuration list for PBXProject "GoOut" */ = {
			isa = XCConfigurationList;
			buildConfigurations = (
				95A4EA4D19541F79009D956C /* Debug */,
				95A4EA4E19541F79009D956C /* Release */,
			);
			defaultConfigurationIsVisible = 0;
			defaultConfigurationName = Release;
		};
		95A4EA4F19541F79009D956C /* Build configuration list for PBXNativeTarget "GoOut" */ = {
			isa = XCConfigurationList;
			buildConfigurations = (
				95A4EA5019541F79009D956C /* Debug */,
				95A4EA5119541F79009D956C /* Release */,
			);
			defaultConfigurationIsVisible = 0;
		};
		95A4EA5219541F79009D956C /* Build configuration list for PBXNativeTarget "GoOutTests" */ = {
			isa = XCConfigurationList;
			buildConfigurations = (
				95A4EA5319541F79009D956C /* Debug */,
				95A4EA5419541F79009D956C /* Release */,
			);
			defaultConfigurationIsVisible = 0;
		};
/* End XCConfigurationList section */

/* Begin XCVersionGroup section */
		95A4EA3419541F79009D956C /* GoOut.xcdatamodeld */ = {
			isa = XCVersionGroup;
			children = (
				95A4EA3519541F79009D956C /* GoOut.xcdatamodel */,
			);
			currentVersion = 95A4EA3519541F79009D956C /* GoOut.xcdatamodel */;
			path = GoOut.xcdatamodeld;
			sourceTree = "<group>";
			versionGroupType = wrapper.xcdatamodel;
		};
/* End XCVersionGroup section */
	};
	rootObject = 95A4EA1519541F79009D956C /* Project object */;
}
