// !$*UTF8*$!
{
	archiveVersion = 1;
	classes = {
	};
	objectVersion = 46;
	objects = {

/* Begin PBXBuildFile section */
		95A4EA2119541F79009D956C /* Foundation.framework in Frameworks */ = {isa = PBXBuildFile; fileRef = 95A4EA2019541F79009D956C /* Foundation.framework */; };
		95A4EA2319541F79009D956C /* CoreGraphics.framework in Frameworks */ = {isa = PBXBuildFile; fileRef = 95A4EA2219541F79009D956C /* CoreGraphics.framework */; };
		95A4EA2519541F79009D956C /* UIKit.framework in Frameworks */ = {isa = PBXBuildFile; fileRef = 95A4EA2419541F79009D956C /* UIKit.framework */; };
		95A4EA2719541F79009D956C /* CoreData.framework in Frameworks */ = {isa = PBXBuildFile; fileRef = 95A4EA2619541F79009D956C /* CoreData.framework */; };
		95A4EA2D19541F79009D956C /* InfoPlist.strings in Resources */ = {isa = PBXBuildFile; fileRef = 95A4EA2B19541F79009D956C /* InfoPlist.strings */; };
		95A4EA2F19541F79009D956C /* main.m in Sources */ = {isa = PBXBuildFile; fileRef = 95A4EA2E19541F79009D956C /* main.m */; };
		95A4EA3319541F79009D956C /* GOAppDelegate.m in Sources */ = {isa = PBXBuildFile; fileRef = 95A4EA3219541F79009D956C /* GOAppDelegate.m */; };
		95A4EA3619541F79009D956C /* GoOut.xcdatamodeld in Sources */ = {isa = PBXBuildFile; fileRef = 95A4EA3419541F79009D956C /* GoOut.xcdatamodeld */; };
		95A4EA3819541F79009D956C /* Images.xcassets in Resources */ = {isa = PBXBuildFile; fileRef = 95A4EA3719541F79009D956C /* Images.xcassets */; };
		95A4EA3F19541F79009D956C /* XCTest.framework in Frameworks */ = {isa = PBXBuildFile; fileRef = 95A4EA3E19541F79009D956C /* XCTest.framework */; };
		95A4EA4019541F79009D956C /* Foundation.framework in Frameworks */ = {isa = PBXBuildFile; fileRef = 95A4EA2019541F79009D956C /* Foundation.framework */; };
		95A4EA4119541F79009D956C /* UIKit.framework in Frameworks */ = {isa = PBXBuildFile; fileRef = 95A4EA2419541F79009D956C /* UIKit.framework */; };
		95A4EA4219541F79009D956C /* CoreData.framework in Frameworks */ = {isa = PBXBuildFile; fileRef = 95A4EA2619541F79009D956C /* CoreData.framework */; };
		95A4EA4A19541F79009D956C /* InfoPlist.strings in Resources */ = {isa = PBXBuildFile; fileRef = 95A4EA4819541F79009D956C /* InfoPlist.strings */; };
		95A4EA4C19541F79009D956C /* GoOutTests.m in Sources */ = {isa = PBXBuildFile; fileRef = 95A4EA4B19541F79009D956C /* GoOutTests.m */; };
		95A4EB7319542464009D956C /* AFHTTPRequestOperation.m in Sources */ = {isa = PBXBuildFile; fileRef = 95A4EB4F19542464009D956C /* AFHTTPRequestOperation.m */; };
		95A4EB7419542464009D956C /* AFHTTPRequestOperationManager.m in Sources */ = {isa = PBXBuildFile; fileRef = 95A4EB5119542464009D956C /* AFHTTPRequestOperationManager.m */; };
		95A4EB7519542464009D956C /* AFHTTPSessionManager.m in Sources */ = {isa = PBXBuildFile; fileRef = 95A4EB5319542464009D956C /* AFHTTPSessionManager.m */; };
		95A4EB7619542464009D956C /* AFNetworkReachabilityManager.m in Sources */ = {isa = PBXBuildFile; fileRef = 95A4EB5619542464009D956C /* AFNetworkReachabilityManager.m */; };
		95A4EB7719542464009D956C /* AFSecurityPolicy.m in Sources */ = {isa = PBXBuildFile; fileRef = 95A4EB5819542464009D956C /* AFSecurityPolicy.m */; };
		95A4EB7819542464009D956C /* AFURLConnectionOperation.m in Sources */ = {isa = PBXBuildFile; fileRef = 95A4EB5A19542464009D956C /* AFURLConnectionOperation.m */; };
		95A4EB7919542464009D956C /* AFURLRequestSerialization.m in Sources */ = {isa = PBXBuildFile; fileRef = 95A4EB5C19542464009D956C /* AFURLRequestSerialization.m */; };
		95A4EB7A19542464009D956C /* AFURLResponseSerialization.m in Sources */ = {isa = PBXBuildFile; fileRef = 95A4EB5E19542464009D956C /* AFURLResponseSerialization.m */; };
		95A4EB7B19542464009D956C /* AFURLSessionManager.m in Sources */ = {isa = PBXBuildFile; fileRef = 95A4EB6019542464009D956C /* AFURLSessionManager.m */; };
		95A4EB7C19542464009D956C /* AFNetworkActivityIndicatorManager.m in Sources */ = {isa = PBXBuildFile; fileRef = 95A4EB6319542464009D956C /* AFNetworkActivityIndicatorManager.m */; };
		95A4EB7D19542464009D956C /* UIActivityIndicatorView+AFNetworking.m in Sources */ = {isa = PBXBuildFile; fileRef = 95A4EB6519542464009D956C /* UIActivityIndicatorView+AFNetworking.m */; };
		95A4EB7E19542464009D956C /* UIAlertView+AFNetworking.m in Sources */ = {isa = PBXBuildFile; fileRef = 95A4EB6719542464009D956C /* UIAlertView+AFNetworking.m */; };
		95A4EB7F19542464009D956C /* UIButton+AFNetworking.m in Sources */ = {isa = PBXBuildFile; fileRef = 95A4EB6919542464009D956C /* UIButton+AFNetworking.m */; };
		95A4EB8019542464009D956C /* UIImageView+AFNetworking.m in Sources */ = {isa = PBXBuildFile; fileRef = 95A4EB6B19542464009D956C /* UIImageView+AFNetworking.m */; };
		95A4EB8119542464009D956C /* UIProgressView+AFNetworking.m in Sources */ = {isa = PBXBuildFile; fileRef = 95A4EB6E19542464009D956C /* UIProgressView+AFNetworking.m */; };
		95A4EB8219542464009D956C /* UIRefreshControl+AFNetworking.m in Sources */ = {isa = PBXBuildFile; fileRef = 95A4EB7019542464009D956C /* UIRefreshControl+AFNetworking.m */; };
		95A4EB8319542464009D956C /* UIWebView+AFNetworking.m in Sources */ = {isa = PBXBuildFile; fileRef = 95A4EB7219542464009D956C /* UIWebView+AFNetworking.m */; };
		95A4EB9319542792009D956C /* GOLoginViewController.m in Sources */ = {isa = PBXBuildFile; fileRef = 95A4EB9119542792009D956C /* GOLoginViewController.m */; };
		95A4EB9419542792009D956C /* GOLoginViewController.xib in Resources */ = {isa = PBXBuildFile; fileRef = 95A4EB9219542792009D956C /* GOLoginViewController.xib */; };
		95CC89AE19613A31000FAEBE /* GONetworkController.m in Sources */ = {isa = PBXBuildFile; fileRef = 95CC89AD19613A31000FAEBE /* GONetworkController.m */; };
		95CC89B119613FDB000FAEBE /* GOCommon.m in Sources */ = {isa = PBXBuildFile; fileRef = 95CC89B019613FDB000FAEBE /* GOCommon.m */; };
		95CC89B519614270000FAEBE /* MBProgressHUD.m in Sources */ = {isa = PBXBuildFile; fileRef = 95CC89B419614270000FAEBE /* MBProgressHUD.m */; };
/* End PBXBuildFile section */

/* Begin PBXContainerItemProxy section */
		95A4EA4319541F79009D956C /* PBXContainerItemProxy */ = {
			isa = PBXContainerItemProxy;
			containerPortal = 95A4EA1519541F79009D956C /* Project object */;
			proxyType = 1;
			remoteGlobalIDString = 95A4EA1C19541F79009D956C;
			remoteInfo = GoOut;
		};
/* End PBXContainerItemProxy section */

/* Begin PBXFileReference section */
		95A4EA1D19541F79009D956C /* GoOut.app */ = {isa = PBXFileReference; explicitFileType = wrapper.application; includeInIndex = 0; path = GoOut.app; sourceTree = BUILT_PRODUCTS_DIR; };
		95A4EA2019541F79009D956C /* Foundation.framework */ = {isa = PBXFileReference; lastKnownFileType = wrapper.framework; name = Foundation.framework; path = System/Library/Frameworks/Foundation.framework; sourceTree = SDKROOT; };
		95A4EA2219541F79009D956C /* CoreGraphics.framework */ = {isa = PBXFileReference; lastKnownFileType = wrapper.framework; name = CoreGraphics.framework; path = System/Library/Frameworks/CoreGraphics.framework; sourceTree = SDKROOT; };
		95A4EA2419541F79009D956C /* UIKit.framework */ = {isa = PBXFileReference; lastKnownFileType = wrapper.framework; name = UIKit.framework; path = System/Library/Frameworks/UIKit.framework; sourceTree = SDKROOT; };
		95A4EA2619541F79009D956C /* CoreData.framework */ = {isa = PBXFileReference; lastKnownFileType = wrapper.framework; name = CoreData.framework; path = System/Library/Frameworks/CoreData.framework; sourceTree = SDKROOT; };
		95A4EA2A19541F79009D956C /* GoOut-Info.plist */ = {isa = PBXFileReference; lastKnownFileType = text.plist.xml; path = "GoOut-Info.plist"; sourceTree = "<group>"; };
		95A4EA2C19541F79009D956C /* en */ = {isa = PBXFileReference; lastKnownFileType = text.plist.strings; name = en; path = en.lproj/InfoPlist.strings; sourceTree = "<group>"; };
		95A4EA2E19541F79009D956C /* main.m */ = {isa = PBXFileReference; lastKnownFileType = sourcecode.c.objc; path = main.m; sourceTree = "<group>"; };
		95A4EA3019541F79009D956C /* GoOut-Prefix.pch */ = {isa = PBXFileReference; lastKnownFileType = sourcecode.c.h; path = "GoOut-Prefix.pch"; sourceTree = "<group>"; };
		95A4EA3119541F79009D956C /* GOAppDelegate.h */ = {isa = PBXFileReference; lastKnownFileType = sourcecode.c.h; path = GOAppDelegate.h; sourceTree = "<group>"; };
		95A4EA3219541F79009D956C /* GOAppDelegate.m */ = {isa = PBXFileReference; lastKnownFileType = sourcecode.c.objc; path = GOAppDelegate.m; sourceTree = "<group>"; };
		95A4EA3519541F79009D956C /* GoOut.xcdatamodel */ = {isa = PBXFileReference; lastKnownFileType = wrapper.xcdatamodel; path = GoOut.xcdatamodel; sourceTree = "<group>"; };
		95A4EA3719541F79009D956C /* Images.xcassets */ = {isa = PBXFileReference; lastKnownFileType = folder.assetcatalog; path = Images.xcassets; sourceTree = "<group>"; };
		95A4EA3D19541F79009D956C /* GoOutTests.xctest */ = {isa = PBXFileReference; explicitFileType = wrapper.cfbundle; includeInIndex = 0; path = GoOutTests.xctest; sourceTree = BUILT_PRODUCTS_DIR; };
		95A4EA3E19541F79009D956C /* XCTest.framework */ = {isa = PBXFileReference; lastKnownFileType = wrapper.framework; name = XCTest.framework; path = Library/Frameworks/XCTest.framework; sourceTree = DEVELOPER_DIR; };
		95A4EA4719541F79009D956C /* GoOutTests-Info.plist */ = {isa = PBXFileReference; lastKnownFileType = text.plist.xml; path = "GoOutTests-Info.plist"; sourceTree = "<group>"; };
		95A4EA4919541F79009D956C /* en */ = {isa = PBXFileReference; lastKnownFileType = text.plist.strings; name = en; path = en.lproj/InfoPlist.strings; sourceTree = "<group>"; };
		95A4EA4B19541F79009D956C /* GoOutTests.m */ = {isa = PBXFileReference; lastKnownFileType = sourcecode.c.objc; path = GoOutTests.m; sourceTree = "<group>"; };
		95A4EB4E19542464009D956C /* AFHTTPRequestOperation.h */ = {isa = PBXFileReference; fileEncoding = 4; lastKnownFileType = sourcecode.c.h; path = AFHTTPRequestOperation.h; sourceTree = "<group>"; };
		95A4EB4F19542464009D956C /* AFHTTPRequestOperation.m */ = {isa = PBXFileReference; fileEncoding = 4; lastKnownFileType = sourcecode.c.objc; path = AFHTTPRequestOperation.m; sourceTree = "<group>"; };
		95A4EB5019542464009D956C /* AFHTTPRequestOperationManager.h */ = {isa = PBXFileReference; fileEncoding = 4; lastKnownFileType = sourcecode.c.h; path = AFHTTPRequestOperationManager.h; sourceTree = "<group>"; };
		95A4EB5119542464009D956C /* AFHTTPRequestOperationManager.m */ = {isa = PBXFileReference; fileEncoding = 4; lastKnownFileType = sourcecode.c.objc; path = AFHTTPRequestOperationManager.m; sourceTree = "<group>"; };
		95A4EB5219542464009D956C /* AFHTTPSessionManager.h */ = {isa = PBXFileReference; fileEncoding = 4; lastKnownFileType = sourcecode.c.h; path = AFHTTPSessionManager.h; sourceTree = "<group>"; };
		95A4EB5319542464009D956C /* AFHTTPSessionManager.m */ = {isa = PBXFileReference; fileEncoding = 4; lastKnownFileType = sourcecode.c.objc; path = AFHTTPSessionManager.m; sourceTree = "<group>"; };
		95A4EB5419542464009D956C /* AFNetworking.h */ = {isa = PBXFileReference; fileEncoding = 4; lastKnownFileType = sourcecode.c.h; path = AFNetworking.h; sourceTree = "<group>"; };
		95A4EB5519542464009D956C /* AFNetworkReachabilityManager.h */ = {isa = PBXFileReference; fileEncoding = 4; lastKnownFileType = sourcecode.c.h; path = AFNetworkReachabilityManager.h; sourceTree = "<group>"; };
		95A4EB5619542464009D956C /* AFNetworkReachabilityManager.m */ = {isa = PBXFileReference; fileEncoding = 4; lastKnownFileType = sourcecode.c.objc; path = AFNetworkReachabilityManager.m; sourceTree = "<group>"; };
		95A4EB5719542464009D956C /* AFSecurityPolicy.h */ = {isa = PBXFileReference; fileEncoding = 4; lastKnownFileType = sourcecode.c.h; path = AFSecurityPolicy.h; sourceTree = "<group>"; };
		95A4EB5819542464009D956C /* AFSecurityPolicy.m */ = {isa = PBXFileReference; fileEncoding = 4; lastKnownFileType = sourcecode.c.objc; path = AFSecurityPolicy.m; sourceTree = "<group>"; };
		95A4EB5919542464009D956C /* AFURLConnectionOperation.h */ = {isa = PBXFileReference; fileEncoding = 4; lastKnownFileType = sourcecode.c.h; path = AFURLConnectionOperation.h; sourceTree = "<group>"; };
		95A4EB5A19542464009D956C /* AFURLConnectionOperation.m */ = {isa = PBXFileReference; fileEncoding = 4; lastKnownFileType = sourcecode.c.objc; path = AFURLConnectionOperation.m; sourceTree = "<group>"; };
		95A4EB5B19542464009D956C /* AFURLRequestSerialization.h */ = {isa = PBXFileReference; fileEncoding = 4; lastKnownFileType = sourcecode.c.h; path = AFURLRequestSerialization.h; sourceTree = "<group>"; };
		95A4EB5C19542464009D956C /* AFURLRequestSerialization.m */ = {isa = PBXFileReference; fileEncoding = 4; lastKnownFileType = sourcecode.c.objc; path = AFURLRequestSerialization.m; sourceTree = "<group>"; };
		95A4EB5D19542464009D956C /* AFURLResponseSerialization.h */ = {isa = PBXFileReference; fileEncoding = 4; lastKnownFileType = sourcecode.c.h; path = AFURLResponseSerialization.h; sourceTree = "<group>"; };
		95A4EB5E19542464009D956C /* AFURLResponseSerialization.m */ = {isa = PBXFileReference; fileEncoding = 4; lastKnownFileType = sourcecode.c.objc; path = AFURLResponseSerialization.m; sourceTree = "<group>"; };
		95A4EB5F19542464009D956C /* AFURLSessionManager.h */ = {isa = PBXFileReference; fileEncoding = 4; lastKnownFileType = sourcecode.c.h; path = AFURLSessionManager.h; sourceTree = "<group>"; };
		95A4EB6019542464009D956C /* AFURLSessionManager.m */ = {isa = PBXFileReference; fileEncoding = 4; lastKnownFileType = sourcecode.c.objc; path = AFURLSessionManager.m; sourceTree = "<group>"; };
		95A4EB6219542464009D956C /* AFNetworkActivityIndicatorManager.h */ = {isa = PBXFileReference; fileEncoding = 4; lastKnownFileType = sourcecode.c.h; path = AFNetworkActivityIndicatorManager.h; sourceTree = "<group>"; };
		95A4EB6319542464009D956C /* AFNetworkActivityIndicatorManager.m */ = {isa = PBXFileReference; fileEncoding = 4; lastKnownFileType = sourcecode.c.objc; path = AFNetworkActivityIndicatorManager.m; sourceTree = "<group>"; };
		95A4EB6419542464009D956C /* UIActivityIndicatorView+AFNetworking.h */ = {isa = PBXFileReference; fileEncoding = 4; lastKnownFileType = sourcecode.c.h; path = "UIActivityIndicatorView+AFNetworking.h"; sourceTree = "<group>"; };
		95A4EB6519542464009D956C /* UIActivityIndicatorView+AFNetworking.m */ = {isa = PBXFileReference; fileEncoding = 4; lastKnownFileType = sourcecode.c.objc; path = "UIActivityIndicatorView+AFNetworking.m"; sourceTree = "<group>"; };
		95A4EB6619542464009D956C /* UIAlertView+AFNetworking.h */ = {isa = PBXFileReference; fileEncoding = 4; lastKnownFileType = sourcecode.c.h; path = "UIAlertView+AFNetworking.h"; sourceTree = "<group>"; };
		95A4EB6719542464009D956C /* UIAlertView+AFNetworking.m */ = {isa = PBXFileReference; fileEncoding = 4; lastKnownFileType = sourcecode.c.objc; path = "UIAlertView+AFNetworking.m"; sourceTree = "<group>"; };
		95A4EB6819542464009D956C /* UIButton+AFNetworking.h */ = {isa = PBXFileReference; fileEncoding = 4; lastKnownFileType = sourcecode.c.h; path = "UIButton+AFNetworking.h"; sourceTree = "<group>"; };
		95A4EB6919542464009D956C /* UIButton+AFNetworking.m */ = {isa = PBXFileReference; fileEncoding = 4; lastKnownFileType = sourcecode.c.objc; path = "UIButton+AFNetworking.m"; sourceTree = "<group>"; };
		95A4EB6A19542464009D956C /* UIImageView+AFNetworking.h */ = {isa = PBXFileReference; fileEncoding = 4; lastKnownFileType = sourcecode.c.h; path = "UIImageView+AFNetworking.h"; sourceTree = "<group>"; };
		95A4EB6B19542464009D956C /* UIImageView+AFNetworking.m */ = {isa = PBXFileReference; fileEncoding = 4; lastKnownFileType = sourcecode.c.objc; path = "UIImageView+AFNetworking.m"; sourceTree = "<group>"; };
		95A4EB6C19542464009D956C /* UIKit+AFNetworking.h */ = {isa = PBXFileReference; fileEncoding = 4; lastKnownFileType = sourcecode.c.h; path = "UIKit+AFNetworking.h"; sourceTree = "<group>"; };
		95A4EB6D19542464009D956C /* UIProgressView+AFNetworking.h */ = {isa = PBXFileReference; fileEncoding = 4; lastKnownFileType = sourcecode.c.h; path = "UIProgressView+AFNetworking.h"; sourceTree = "<group>"; };
		95A4EB6E19542464009D956C /* UIProgressView+AFNetworking.m */ = {isa = PBXFileReference; fileEncoding = 4; lastKnownFileType = sourcecode.c.objc; path = "UIProgressView+AFNetworking.m"; sourceTree = "<group>"; };
		95A4EB6F19542464009D956C /* UIRefreshControl+AFNetworking.h */ = {isa = PBXFileReference; fileEncoding = 4; lastKnownFileType = sourcecode.c.h; path = "UIRefreshControl+AFNetworking.h"; sourceTree = "<group>"; };
		95A4EB7019542464009D956C /* UIRefreshControl+AFNetworking.m */ = {isa = PBXFileReference; fileEncoding = 4; lastKnownFileType = sourcecode.c.objc; path = "UIRefreshControl+AFNetworking.m"; sourceTree = "<group>"; };
		95A4EB7119542464009D956C /* UIWebView+AFNetworking.h */ = {isa = PBXFileReference; fileEncoding = 4; lastKnownFileType = sourcecode.c.h; path = "UIWebView+AFNetworking.h"; sourceTree = "<group>"; };
		95A4EB7219542464009D956C /* UIWebView+AFNetworking.m */ = {isa = PBXFileReference; fileEncoding = 4; lastKnownFileType = sourcecode.c.objc; path = "UIWebView+AFNetworking.m"; sourceTree = "<group>"; };
		95A4EB9019542792009D956C /* GOLoginViewController.h */ = {isa = PBXFileReference; fileEncoding = 4; lastKnownFileType = sourcecode.c.h; path = GOLoginViewController.h; sourceTree = "<group>"; };
		95A4EB9119542792009D956C /* GOLoginViewController.m */ = {isa = PBXFileReference; fileEncoding = 4; lastKnownFileType = sourcecode.c.objc; path = GOLoginViewController.m; sourceTree = "<group>"; };
		95A4EB9219542792009D956C /* GOLoginViewController.xib */ = {isa = PBXFileReference; fileEncoding = 4; lastKnownFileType = file.xib; path = GOLoginViewController.xib; sourceTree = "<group>"; };
		95CC89AC19613A31000FAEBE /* GONetworkController.h */ = {isa = PBXFileReference; fileEncoding = 4; lastKnownFileType = sourcecode.c.h; path = GONetworkController.h; sourceTree = "<group>"; };
		95CC89AD19613A31000FAEBE /* GONetworkController.m */ = {isa = PBXFileReference; fileEncoding = 4; lastKnownFileType = sourcecode.c.objc; path = GONetworkController.m; sourceTree = "<group>"; };
		95CC89AF19613FDB000FAEBE /* GOCommon.h */ = {isa = PBXFileReference; fileEncoding = 4; lastKnownFileType = sourcecode.c.h; path = GOCommon.h; sourceTree = "<group>"; };
		95CC89B019613FDB000FAEBE /* GOCommon.m */ = {isa = PBXFileReference; fileEncoding = 4; lastKnownFileType = sourcecode.c.objc; path = GOCommon.m; sourceTree = "<group>"; };
		95CC89B319614270000FAEBE /* MBProgressHUD.h */ = {isa = PBXFileReference; fileEncoding = 4; lastKnownFileType = sourcecode.c.h; path = MBProgressHUD.h; sourceTree = "<group>"; };
		95CC89B419614270000FAEBE /* MBProgressHUD.m */ = {isa = PBXFileReference; fileEncoding = 4; lastKnownFileType = sourcecode.c.objc; path = MBProgressHUD.m; sourceTree = "<group>"; };
/* End PBXFileReference section */

/* Begin PBXFrameworksBuildPhase section */
		95A4EA1A19541F79009D956C /* Frameworks */ = {
			isa = PBXFrameworksBuildPhase;
			buildActionMask = 2147483647;
			files = (
				95A4EA2319541F79009D956C /* CoreGraphics.framework in Frameworks */,
				95A4EA2719541F79009D956C /* CoreData.framework in Frameworks */,
				95A4EA2519541F79009D956C /* UIKit.framework in Frameworks */,
				95A4EA2119541F79009D956C /* Foundation.framework in Frameworks */,
			);
			runOnlyForDeploymentPostprocessing = 0;
		};
		95A4EA3A19541F79009D956C /* Frameworks */ = {
			isa = PBXFrameworksBuildPhase;
			buildActionMask = 2147483647;
			files = (
				95A4EA3F19541F79009D956C /* XCTest.framework in Frameworks */,
				95A4EA4219541F79009D956C /* CoreData.framework in Frameworks */,
				95A4EA4119541F79009D956C /* UIKit.framework in Frameworks */,
				95A4EA4019541F79009D956C /* Foundation.framework in Frameworks */,
			);
			runOnlyForDeploymentPostprocessing = 0;
		};
/* End PBXFrameworksBuildPhase section */

/* Begin PBXGroup section */
		95A4EA1419541F79009D956C = {
			isa = PBXGroup;
			children = (
				95A4EB4C19542464009D956C /* Lib */,
				95A4EA2819541F79009D956C /* GoOut */,
				95A4EA4519541F79009D956C /* GoOutTests */,
				95A4EA1F19541F79009D956C /* Frameworks */,
				95A4EA1E19541F79009D956C /* Products */,
			);
			sourceTree = "<group>";
		};
		95A4EA1E19541F79009D956C /* Products */ = {
			isa = PBXGroup;
			children = (
				95A4EA1D19541F79009D956C /* GoOut.app */,
				95A4EA3D19541F79009D956C /* GoOutTests.xctest */,
			);
			name = Products;
			sourceTree = "<group>";
		};
		95A4EA1F19541F79009D956C /* Frameworks */ = {
			isa = PBXGroup;
			children = (
				95A4EA2019541F79009D956C /* Foundation.framework */,
				95A4EA2219541F79009D956C /* CoreGraphics.framework */,
				95A4EA2419541F79009D956C /* UIKit.framework */,
				95A4EA2619541F79009D956C /* CoreData.framework */,
				95A4EA3E19541F79009D956C /* XCTest.framework */,
			);
			name = Frameworks;
			sourceTree = "<group>";
		};
		95A4EA2819541F79009D956C /* GoOut */ = {
			isa = PBXGroup;
			children = (
				95CC89AB196139E5000FAEBE /* CommonController */,
				95A4EB8A1954258F009D956C /* InterfaceCotroller */,
				95A4EA3119541F79009D956C /* GOAppDelegate.h */,
				95A4EA3219541F79009D956C /* GOAppDelegate.m */,
				95A4EA3719541F79009D956C /* Images.xcassets */,
				95A4EA3419541F79009D956C /* GoOut.xcdatamodeld */,
				95A4EA2919541F79009D956C /* Supporting Files */,
			);
			path = GoOut;
			sourceTree = "<group>";
		};
		95A4EA2919541F79009D956C /* Supporting Files */ = {
			isa = PBXGroup;
			children = (
				95A4EA2A19541F79009D956C /* GoOut-Info.plist */,
				95A4EA2B19541F79009D956C /* InfoPlist.strings */,
				95A4EA2E19541F79009D956C /* main.m */,
				95A4EA3019541F79009D956C /* GoOut-Prefix.pch */,
			);
			name = "Supporting Files";
			sourceTree = "<group>";
		};
		95A4EA4519541F79009D956C /* GoOutTests */ = {
			isa = PBXGroup;
			children = (
				95A4EA4B19541F79009D956C /* GoOutTests.m */,
				95A4EA4619541F79009D956C /* Supporting Files */,
			);
			path = GoOutTests;
			sourceTree = "<group>";
		};
		95A4EA4619541F79009D956C /* Supporting Files */ = {
			isa = PBXGroup;
			children = (
				95A4EA4719541F79009D956C /* GoOutTests-Info.plist */,
				95A4EA4819541F79009D956C /* InfoPlist.strings */,
			);
			name = "Supporting Files";
			sourceTree = "<group>";
		};
		95A4EB4C19542464009D956C /* Lib */ = {
			isa = PBXGroup;
			children = (
				95CC89B219614270000FAEBE /* MBProgressHUD */,
				95A4EB4D19542464009D956C /* AFNetworking */,
				95A4EB6119542464009D956C /* UIKit+AFNetworking */,
			);
			path = Lib;
			sourceTree = "<group>";
		};
		95A4EB4D19542464009D956C /* AFNetworking */ = {
			isa = PBXGroup;
			children = (
				95A4EB4E19542464009D956C /* AFHTTPRequestOperation.h */,
				95A4EB4F19542464009D956C /* AFHTTPRequestOperation.m */,
				95A4EB5019542464009D956C /* AFHTTPRequestOperationManager.h */,
				95A4EB5119542464009D956C /* AFHTTPRequestOperationManager.m */,
				95A4EB5219542464009D956C /* AFHTTPSessionManager.h */,
				95A4EB5319542464009D956C /* AFHTTPSessionManager.m */,
				95A4EB5419542464009D956C /* AFNetworking.h */,
				95A4EB5519542464009D956C /* AFNetworkReachabilityManager.h */,
				95A4EB5619542464009D956C /* AFNetworkReachabilityManager.m */,
				95A4EB5719542464009D956C /* AFSecurityPolicy.h */,
				95A4EB5819542464009D956C /* AFSecurityPolicy.m */,
				95A4EB5919542464009D956C /* AFURLConnectionOperation.h */,
				95A4EB5A19542464009D956C /* AFURLConnectionOperation.m */,
				95A4EB5B19542464009D956C /* AFURLRequestSerialization.h */,
				95A4EB5C19542464009D956C /* AFURLRequestSerialization.m */,
				95A4EB5D19542464009D956C /* AFURLResponseSerialization.h */,
				95A4EB5E19542464009D956C /* AFURLResponseSerialization.m */,
				95A4EB5F19542464009D956C /* AFURLSessionManager.h */,
				95A4EB6019542464009D956C /* AFURLSessionManager.m */,
			);
			path = AFNetworking;
			sourceTree = "<group>";
		};
		95A4EB6119542464009D956C /* UIKit+AFNetworking */ = {
			isa = PBXGroup;
			children = (
				95A4EB6219542464009D956C /* AFNetworkActivityIndicatorManager.h */,
				95A4EB6319542464009D956C /* AFNetworkActivityIndicatorManager.m */,
				95A4EB6419542464009D956C /* UIActivityIndicatorView+AFNetworking.h */,
				95A4EB6519542464009D956C /* UIActivityIndicatorView+AFNetworking.m */,
				95A4EB6619542464009D956C /* UIAlertView+AFNetworking.h */,
				95A4EB6719542464009D956C /* UIAlertView+AFNetworking.m */,
				95A4EB6819542464009D956C /* UIButton+AFNetworking.h */,
				95A4EB6919542464009D956C /* UIButton+AFNetworking.m */,
				95A4EB6A19542464009D956C /* UIImageView+AFNetworking.h */,
				95A4EB6B19542464009D956C /* UIImageView+AFNetworking.m */,
				95A4EB6C19542464009D956C /* UIKit+AFNetworking.h */,
				95A4EB6D19542464009D956C /* UIProgressView+AFNetworking.h */,
				95A4EB6E19542464009D956C /* UIProgressView+AFNetworking.m */,
				95A4EB6F19542464009D956C /* UIRefreshControl+AFNetworking.h */,
				95A4EB7019542464009D956C /* UIRefreshControl+AFNetworking.m */,
				95A4EB7119542464009D956C /* UIWebView+AFNetworking.h */,
				95A4EB7219542464009D956C /* UIWebView+AFNetworking.m */,
			);
			path = "UIKit+AFNetworking";
			sourceTree = "<group>";
		};
		95A4EB8A1954258F009D956C /* InterfaceCotroller */ = {
			isa = PBXGroup;
			children = (
				95A4EB9019542792009D956C /* GOLoginViewController.h */,
				95A4EB9119542792009D956C /* GOLoginViewController.m */,
				95A4EB9219542792009D956C /* GOLoginViewController.xib */,
			);
			path = InterfaceCotroller;
			sourceTree = "<group>";
		};
		95CC89AB196139E5000FAEBE /* CommonController */ = {
			isa = PBXGroup;
			children = (
				95CC89AC19613A31000FAEBE /* GONetworkController.h */,
				95CC89AD19613A31000FAEBE /* GONetworkController.m */,
				95CC89AF19613FDB000FAEBE /* GOCommon.h */,
				95CC89B019613FDB000FAEBE /* GOCommon.m */,
			);
			path = CommonController;
			sourceTree = "<group>";
		};
		95CC89B219614270000FAEBE /* MBProgressHUD */ = {
			isa = PBXGroup;
			children = (
				95CC89B319614270000FAEBE /* MBProgressHUD.h */,
				95CC89B419614270000FAEBE /* MBProgressHUD.m */,
			);
			path = MBProgressHUD;
			sourceTree = "<group>";
		};
/* End PBXGroup section */

/* Begin PBXNativeTarget section */
		95A4EA1C19541F79009D956C /* GoOut */ = {
			isa = PBXNativeTarget;
			buildConfigurationList = 95A4EA4F19541F79009D956C /* Build configuration list for PBXNativeTarget "GoOut" */;
			buildPhases = (
				95A4EA1919541F79009D956C /* Sources */,
				95A4EA1A19541F79009D956C /* Frameworks */,
				95A4EA1B19541F79009D956C /* Resources */,
			);
			buildRules = (
			);
			dependencies = (
			);
			name = GoOut;
			productName = GoOut;
			productReference = 95A4EA1D19541F79009D956C /* GoOut.app */;
			productType = "com.apple.product-type.application";
		};
		95A4EA3C19541F79009D956C /* GoOutTests */ = {
			isa = PBXNativeTarget;
			buildConfigurationList = 95A4EA5219541F79009D956C /* Build configuration list for PBXNativeTarget "GoOutTests" */;
			buildPhases = (
				95A4EA3919541F79009D956C /* Sources */,
				95A4EA3A19541F79009D956C /* Frameworks */,
				95A4EA3B19541F79009D956C /* Resources */,
			);
			buildRules = (
			);
			dependencies = (
				95A4EA4419541F79009D956C /* PBXTargetDependency */,
			);
			name = GoOutTests;
			productName = GoOutTests;
			productReference = 95A4EA3D19541F79009D956C /* GoOutTests.xctest */;
			productType = "com.apple.product-type.bundle.unit-test";
		};
/* End PBXNativeTarget section */

/* Begin PBXProject section */
		95A4EA1519541F79009D956C /* Project object */ = {
			isa = PBXProject;
			attributes = {
				CLASSPREFIX = GO;
				LastUpgradeCheck = 0510;
				ORGANIZATIONNAME = bst;
				TargetAttributes = {
					95A4EA3C19541F79009D956C = {
						TestTargetID = 95A4EA1C19541F79009D956C;
					};
				};
			};
			buildConfigurationList = 95A4EA1819541F79009D956C /* Build configuration list for PBXProject "GoOut" */;
			compatibilityVersion = "Xcode 3.2";
			developmentRegion = English;
			hasScannedForEncodings = 0;
			knownRegions = (
				en,
			);
			mainGroup = 95A4EA1419541F79009D956C;
			productRefGroup = 95A4EA1E19541F79009D956C /* Products */;
			projectDirPath = "";
			projectRoot = "";
			targets = (
				95A4EA1C19541F79009D956C /* GoOut */,
				95A4EA3C19541F79009D956C /* GoOutTests */,
			);
		};
/* End PBXProject section */

/* Begin PBXResourcesBuildPhase section */
		95A4EA1B19541F79009D956C /* Resources */ = {
			isa = PBXResourcesBuildPhase;
			buildActionMask = 2147483647;
			files = (
				95A4EB9419542792009D956C /* GOLoginViewController.xib in Resources */,
				95A4EA2D19541F79009D956C /* InfoPlist.strings in Resources */,
				95A4EA3819541F79009D956C /* Images.xcassets in Resources */,
			);
			runOnlyForDeploymentPostprocessing = 0;
		};
		95A4EA3B19541F79009D956C /* Resources */ = {
			isa = PBXResourcesBuildPhase;
			buildActionMask = 2147483647;
			files = (
				95A4EA4A19541F79009D956C /* InfoPlist.strings in Resources */,
			);
			runOnlyForDeploymentPostprocessing = 0;
		};
/* End PBXResourcesBuildPhase section */

/* Begin PBXSourcesBuildPhase section */
		95A4EA1919541F79009D956C /* Sources */ = {
			isa = PBXSourcesBuildPhase;
			buildActionMask = 2147483647;
			files = (
				95A4EB7319542464009D956C /* AFHTTPRequestOperation.m in Sources */,
				95A4EB8019542464009D956C /* UIImageView+AFNetworking.m in Sources */,
				95A4EB9319542792009D956C /* GOLoginViewController.m in Sources */,
				95A4EA3619541F79009D956C /* GoOut.xcdatamodeld in Sources */,
				95A4EB7419542464009D956C /* AFHTTPRequestOperationManager.m in Sources */,
				95A4EB8119542464009D956C /* UIProgressView+AFNetworking.m in Sources */,
				95A4EB7619542464009D956C /* AFNetworkReachabilityManager.m in Sources */,
				95CC89B519614270000FAEBE /* MBProgressHUD.m in Sources */,
				95A4EB7A19542464009D956C /* AFURLResponseSerialization.m in Sources */,
				95CC89B119613FDB000FAEBE /* GOCommon.m in Sources */,
				95CC89AE19613A31000FAEBE /* GONetworkController.m in Sources */,
				95A4EB7819542464009D956C /* AFURLConnectionOperation.m in Sources */,
				95A4EB7F19542464009D956C /* UIButton+AFNetworking.m in Sources */,
				95A4EB7D19542464009D956C /* UIActivityIndicatorView+AFNetworking.m in Sources */,
				95A4EB7719542464009D956C /* AFSecurityPolicy.m in Sources */,
				95A4EB8219542464009D956C /* UIRefreshControl+AFNetworking.m in Sources */,
				95A4EB8319542464009D956C /* UIWebView+AFNetworking.m in Sources */,
				95A4EB7519542464009D956C /* AFHTTPSessionManager.m in Sources */,
				95A4EB7E19542464009D956C /* UIAlertView+AFNetworking.m in Sources */,
				95A4EB7919542464009D956C /* AFURLRequestSerialization.m in Sources */,
				95A4EB7C19542464009D956C /* AFNetworkActivityIndicatorManager.m in Sources */,
				95A4EB7B19542464009D956C /* AFURLSessionManager.m in Sources */,
				95A4EA3319541F79009D956C /* GOAppDelegate.m in Sources */,
				95A4EA2F19541F79009D956C /* main.m in Sources */,
			);
			runOnlyForDeploymentPostprocessing = 0;
		};
		95A4EA3919541F79009D956C /* Sources */ = {
			isa = PBXSourcesBuildPhase;
			buildActionMask = 2147483647;
			files = (
				95A4EA4C19541F79009D956C /* GoOutTests.m in Sources */,
			);
			runOnlyForDeploymentPostprocessing = 0;
		};
/* End PBXSourcesBuildPhase section */

/* Begin PBXTargetDependency section */
		95A4EA4419541F79009D956C /* PBXTargetDependency */ = {
			isa = PBXTargetDependency;
			target = 95A4EA1C19541F79009D956C /* GoOut */;
			targetProxy = 95A4EA4319541F79009D956C /* PBXContainerItemProxy */;
		};
/* End PBXTargetDependency section */

/* Begin PBXVariantGroup section */
		95A4EA2B19541F79009D956C /* InfoPlist.strings */ = {
			isa = PBXVariantGroup;
			children = (
				95A4EA2C19541F79009D956C /* en */,
			);
			name = InfoPlist.strings;
			sourceTree = "<group>";
		};
		95A4EA4819541F79009D956C /* InfoPlist.strings */ = {
			isa = PBXVariantGroup;
			children = (
				95A4EA4919541F79009D956C /* en */,
			);
			name = InfoPlist.strings;
			sourceTree = "<group>";
		};
/* End PBXVariantGroup section */

/* Begin XCBuildConfiguration section */
		95A4EA4D19541F79009D956C /* Debug */ = {
			isa = XCBuildConfiguration;
			buildSettings = {
				ALWAYS_SEARCH_USER_PATHS = NO;
				CLANG_CXX_LANGUAGE_STANDARD = "gnu++0x";
				CLANG_CXX_LIBRARY = "libc++";
				CLANG_ENABLE_MODULES = YES;
				CLANG_ENABLE_OBJC_ARC = YES;
				CLANG_WARN_BOOL_CONVERSION = YES;
				CLANG_WARN_CONSTANT_CONVERSION = YES;
				CLANG_WARN_DIRECT_OBJC_ISA_USAGE = YES_ERROR;
				CLANG_WARN_EMPTY_BODY = YES;
				CLANG_WARN_ENUM_CONVERSION = YES;
				CLANG_WARN_INT_CONVERSION = YES;
				CLANG_WARN_OBJC_ROOT_CLASS = YES_ERROR;
				CLANG_WARN__DUPLICATE_METHOD_MATCH = YES;
				"CODE_SIGN_IDENTITY[sdk=iphoneos*]" = "iPhone Developer";
				COPY_PHASE_STRIP = NO;
				GCC_C_LANGUAGE_STANDARD = gnu99;
				GCC_DYNAMIC_NO_PIC = NO;
				GCC_OPTIMIZATION_LEVEL = 0;
				GCC_PREPROCESSOR_DEFINITIONS = (
					"DEBUG=1",
					"$(inherited)",
				);
				GCC_SYMBOLS_PRIVATE_EXTERN = NO;
				GCC_WARN_64_TO_32_BIT_CONVERSION = YES;
				GCC_WARN_ABOUT_RETURN_TYPE = YES_ERROR;
				GCC_WARN_UNDECLARED_SELECTOR = YES;
				GCC_WARN_UNINITIALIZED_AUTOS = YES_AGGRESSIVE;
				GCC_WARN_UNUSED_FUNCTION = YES;
				GCC_WARN_UNUSED_VARIABLE = YES;
				IPHONEOS_DEPLOYMENT_TARGET = 7.1;
				ONLY_ACTIVE_ARCH = YES;
				SDKROOT = iphoneos;
			};
			name = Debug;
		};
		95A4EA4E19541F79009D956C /* Release */ = {
			isa = XCBuildConfiguration;
			buildSettings = {
				ALWAYS_SEARCH_USER_PATHS = NO;
				CLANG_CXX_LANGUAGE_STANDARD = "gnu++0x";
				CLANG_CXX_LIBRARY = "libc++";
				CLANG_ENABLE_MODULES = YES;
				CLANG_ENABLE_OBJC_ARC = YES;
				CLANG_WARN_BOOL_CONVERSION = YES;
				CLANG_WARN_CONSTANT_CONVERSION = YES;
				CLANG_WARN_DIRECT_OBJC_ISA_USAGE = YES_ERROR;
				CLANG_WARN_EMPTY_BODY = YES;
				CLANG_WARN_ENUM_CONVERSION = YES;
				CLANG_WARN_INT_CONVERSION = YES;
				CLANG_WARN_OBJC_ROOT_CLASS = YES_ERROR;
				CLANG_WARN__DUPLICATE_METHOD_MATCH = YES;
				"CODE_SIGN_IDENTITY[sdk=iphoneos*]" = "iPhone Developer";
				COPY_PHASE_STRIP = YES;
				ENABLE_NS_ASSERTIONS = NO;
				GCC_C_LANGUAGE_STANDARD = gnu99;
				GCC_WARN_64_TO_32_BIT_CONVERSION = YES;
				GCC_WARN_ABOUT_RETURN_TYPE = YES_ERROR;
				GCC_WARN_UNDECLARED_SELECTOR = YES;
				GCC_WARN_UNINITIALIZED_AUTOS = YES_AGGRESSIVE;
				GCC_WARN_UNUSED_FUNCTION = YES;
				GCC_WARN_UNUSED_VARIABLE = YES;
				IPHONEOS_DEPLOYMENT_TARGET = 7.1;
				SDKROOT = iphoneos;
				VALIDATE_PRODUCT = YES;
			};
			name = Release;
		};
		95A4EA5019541F79009D956C /* Debug */ = {
			isa = XCBuildConfiguration;
			buildSettings = {
				ASSETCATALOG_COMPILER_APPICON_NAME = AppIcon;
				ASSETCATALOG_COMPILER_LAUNCHIMAGE_NAME = LaunchImage;
				GCC_PRECOMPILE_PREFIX_HEADER = YES;
				GCC_PREFIX_HEADER = "GoOut/GoOut-Prefix.pch";
				INFOPLIST_FILE = "GoOut/GoOut-Info.plist";
				IPHONEOS_DEPLOYMENT_TARGET = 7.0;
				PRODUCT_NAME = "$(TARGET_NAME)";
				WRAPPER_EXTENSION = app;
			};
			name = Debug;
		};
		95A4EA5119541F79009D956C /* Release */ = {
			isa = XCBuildConfiguration;
			buildSettings = {
				ASSETCATALOG_COMPILER_APPICON_NAME = AppIcon;
				ASSETCATALOG_COMPILER_LAUNCHIMAGE_NAME = LaunchImage;
				GCC_PRECOMPILE_PREFIX_HEADER = YES;
				GCC_PREFIX_HEADER = "GoOut/GoOut-Prefix.pch";
				INFOPLIST_FILE = "GoOut/GoOut-Info.plist";
				IPHONEOS_DEPLOYMENT_TARGET = 7.0;
				PRODUCT_NAME = "$(TARGET_NAME)";
				WRAPPER_EXTENSION = app;
			};
			name = Release;
		};
		95A4EA5319541F79009D956C /* Debug */ = {
			isa = XCBuildConfiguration;
			buildSettings = {
				BUNDLE_LOADER = "$(BUILT_PRODUCTS_DIR)/GoOut.app/GoOut";
				FRAMEWORK_SEARCH_PATHS = (
					"$(SDKROOT)/Developer/Library/Frameworks",
					"$(inherited)",
					"$(DEVELOPER_FRAMEWORKS_DIR)",
				);
				GCC_PRECOMPILE_PREFIX_HEADER = YES;
				GCC_PREFIX_HEADER = "GoOut/GoOut-Prefix.pch";
				GCC_PREPROCESSOR_DEFINITIONS = (
					"DEBUG=1",
					"$(inherited)",
				);
				INFOPLIST_FILE = "GoOutTests/GoOutTests-Info.plist";
				PRODUCT_NAME = "$(TARGET_NAME)";
				TEST_HOST = "$(BUNDLE_LOADER)";
				WRAPPER_EXTENSION = xctest;
			};
			name = Debug;
		};
		95A4EA5419541F79009D956C /* Release */ = {
			isa = XCBuildConfiguration;
			buildSettings = {
				BUNDLE_LOADER = "$(BUILT_PRODUCTS_DIR)/GoOut.app/GoOut";
				FRAMEWORK_SEARCH_PATHS = (
					"$(SDKROOT)/Developer/Library/Frameworks",
					"$(inherited)",
					"$(DEVELOPER_FRAMEWORKS_DIR)",
				);
				GCC_PRECOMPILE_PREFIX_HEADER = YES;
				GCC_PREFIX_HEADER = "GoOut/GoOut-Prefix.pch";
				INFOPLIST_FILE = "GoOutTests/GoOutTests-Info.plist";
				PRODUCT_NAME = "$(TARGET_NAME)";
				TEST_HOST = "$(BUNDLE_LOADER)";
				WRAPPER_EXTENSION = xctest;
			};
			name = Release;
		};
/* End XCBuildConfiguration section */

/* Begin XCConfigurationList section */
		95A4EA1819541F79009D956C /* Build configuration list for PBXProject "GoOut" */ = {
			isa = XCConfigurationList;
			buildConfigurations = (
				95A4EA4D19541F79009D956C /* Debug */,
				95A4EA4E19541F79009D956C /* Release */,
			);
			defaultConfigurationIsVisible = 0;
			defaultConfigurationName = Release;
		};
		95A4EA4F19541F79009D956C /* Build configuration list for PBXNativeTarget "GoOut" */ = {
			isa = XCConfigurationList;
			buildConfigurations = (
				95A4EA5019541F79009D956C /* Debug */,
				95A4EA5119541F79009D956C /* Release */,
			);
			defaultConfigurationIsVisible = 0;
			defaultConfigurationName = Release;
		};
		95A4EA5219541F79009D956C /* Build configuration list for PBXNativeTarget "GoOutTests" */ = {
			isa = XCConfigurationList;
			buildConfigurations = (
				95A4EA5319541F79009D956C /* Debug */,
				95A4EA5419541F79009D956C /* Release */,
			);
			defaultConfigurationIsVisible = 0;
			defaultConfigurationName = Release;
		};
/* End XCConfigurationList section */

/* Begin XCVersionGroup section */
		95A4EA3419541F79009D956C /* GoOut.xcdatamodeld */ = {
			isa = XCVersionGroup;
			children = (
				95A4EA3519541F79009D956C /* GoOut.xcdatamodel */,
			);
			currentVersion = 95A4EA3519541F79009D956C /* GoOut.xcdatamodel */;
			path = GoOut.xcdatamodeld;
			sourceTree = "<group>";
			versionGroupType = wrapper.xcdatamodel;
		};
/* End XCVersionGroup section */
	};
	rootObject = 95A4EA1519541F79009D956C /* Project object */;
}
